
Microsoft Visual Studio Solution File, Format Version 12.00
# Visual Studio Version 17
VisualStudioVersion = 17.12.35707.178
MinimumVisualStudioVersion = 10.0.40219.1
Project("{FAE04EC0-301F-11D3-BF4B-00C04F79EFBC}") = "SchoolProject.Api", "SchoolProject.Api\SchoolProject.Api.csproj", "{4A83C3FC-F07C-44A1-ADE5-4DACACC9F63B}"
EndProject
Project("{FAE04EC0-301F-11D3-BF4B-00C04F79EFBC}") = "SchoolProject.Application", "SchoolProject.Application\SchoolProject.Application.csproj", "{7014C00D-FE2A-43B6-9B9E-C46558ECC33C}"
EndProject
Project("{FAE04EC0-301F-11D3-BF4B-00C04F79EFBC}") = "SchoolProject.Domain", "SchoolProject.Domain\SchoolProject.Domain.csproj", "{C56A354F-94A4-44FE-A2F2-48F7CB179073}"
EndProject
Project("{FAE04EC0-301F-11D3-BF4B-00C04F79EFBC}") = "SchoolProject.Infrastructure", "SchoolProject.Infrastructure\SchoolProject.Infrastructure.csproj", "{5EE8BC10-E608-41F7-81A2-735C7DA5A93C}"
EndProject
Project("{2150E333-8FDC-42A3-9474-1A3956D46DE8}") = "Solution Items", "Solution Items", "{390C4244-0E55-4DA0-87B2-73523B9B043E}"
	ProjectSection(SolutionItems) = preProject
		.editorconfig = .editorconfig
	EndProjectSection
EndProject
Global
	GlobalSection(SolutionConfigurationPlatforms) = preSolution
		Debug|Any CPU = Debug|Any CPU
		Release|Any CPU = Release|Any CPU
	EndGlobalSection
	GlobalSection(ProjectConfigurationPlatforms) = postSolution
		{4A83C3FC-F07C-44A1-ADE5-4DACACC9F63B}.Debug|Any CPU.ActiveCfg = Debug|Any CPU
		{4A83C3FC-F07C-44A1-ADE5-4DACACC9F63B}.Debug|Any CPU.Build.0 = Debug|Any CPU
		{4A83C3FC-F07C-44A1-ADE5-4DACACC9F63B}.Release|Any CPU.ActiveCfg = Release|Any CPU
		{4A83C3FC-F07C-44A1-ADE5-4DACACC9F63B}.Release|Any CPU.Build.0 = Release|Any CPU
		{7014C00D-FE2A-43B6-9B9E-C46558ECC33C}.Debug|Any CPU.ActiveCfg = Debug|Any CPU
		{7014C00D-FE2A-43B6-9B9E-C46558ECC33C}.Debug|Any CPU.Build.0 = Debug|Any CPU
		{7014C00D-FE2A-43B6-9B9E-C46558ECC33C}.Release|Any CPU.ActiveCfg = Release|Any CPU
		{7014C00D-FE2A-43B6-9B9E-C46558ECC33C}.Release|Any CPU.Build.0 = Release|Any CPU
		{C56A354F-94A4-44FE-A2F2-48F7CB179073}.Debug|Any CPU.ActiveCfg = Debug|Any CPU
		{C56A354F-94A4-44FE-A2F2-48F7CB179073}.Debug|Any CPU.Build.0 = Debug|Any CPU
		{C56A354F-94A4-44FE-A2F2-48F7CB179073}.Release|Any CPU.ActiveCfg = Release|Any CPU
		{C56A354F-94A4-44FE-A2F2-48F7CB179073}.Release|Any CPU.Build.0 = Release|Any CPU
		{5EE8BC10-E608-41F7-81A2-735C7DA5A93C}.Debug|Any CPU.ActiveCfg = Debug|Any CPU
		{5EE8BC10-E608-41F7-81A2-735C7DA5A93C}.Debug|Any CPU.Build.0 = Debug|Any CPU
		{5EE8BC10-E608-41F7-81A2-735C7DA5A93C}.Release|Any CPU.ActiveCfg = Release|Any CPU
		{5EE8BC10-E608-41F7-81A2-735C7DA5A93C}.Release|Any CPU.Build.0 = Release|Any CPU
	EndGlobalSection
	GlobalSection(SolutionProperties) = preSolution
		HideSolutionNode = FALSE
	EndGlobalSection
EndGlobal
